
Microsoft Visual Studio Solution File, Format Version 12.00
# Visual Studio Version 17
VisualStudioVersion = 17.8.34408.163
MinimumVisualStudioVersion = 10.0.40219.1
Project("{9A19103F-16F7-4668-BE54-9A1E7A4F7556}") = "FitFusion.Entity", "FitFusion.Entity\FitFusion.Entity.csproj", "{F3288B73-3CB7-4F90-9D06-7810A158BFFE}"
EndProject
Project("{9A19103F-16F7-4668-BE54-9A1E7A4F7556}") = "FitFusion.DAL", "FitFusion.DAL\FitFusion.DAL.csproj", "{C7317F71-3AE0-49BE-BEB6-E3095BD950D8}"
EndProject
Project("{9A19103F-16F7-4668-BE54-9A1E7A4F7556}") = "FitFusion.BLL", "FitFusion.BLL\FitFusion.BLL.csproj", "{4BEE2925-2913-4214-8D81-BACCFAC5FD1F}"
EndProject
Project("{9A19103F-16F7-4668-BE54-9A1E7A4F7556}") = "FitFusion.Presentation", "FitFusion.Presentation\FitFusion.Presentation.csproj", "{3134B5DC-F53E-4887-860A-C29EBEDB070E}"
EndProject
Global
	GlobalSection(SolutionConfigurationPlatforms) = preSolution
		Debug|Any CPU = Debug|Any CPU
		Release|Any CPU = Release|Any CPU
	EndGlobalSection
	GlobalSection(ProjectConfigurationPlatforms) = postSolution
		{F3288B73-3CB7-4F90-9D06-7810A158BFFE}.Debug|Any CPU.ActiveCfg = Debug|Any CPU
		{F3288B73-3CB7-4F90-9D06-7810A158BFFE}.Debug|Any CPU.Build.0 = Debug|Any CPU
		{F3288B73-3CB7-4F90-9D06-7810A158BFFE}.Release|Any CPU.ActiveCfg = Release|Any CPU
		{F3288B73-3CB7-4F90-9D06-7810A158BFFE}.Release|Any CPU.Build.0 = Release|Any CPU
		{C7317F71-3AE0-49BE-BEB6-E3095BD950D8}.Debug|Any CPU.ActiveCfg = Debug|Any CPU
		{C7317F71-3AE0-49BE-BEB6-E3095BD950D8}.Debug|Any CPU.Build.0 = Debug|Any CPU
		{C7317F71-3AE0-49BE-BEB6-E3095BD950D8}.Release|Any CPU.ActiveCfg = Release|Any CPU
		{C7317F71-3AE0-49BE-BEB6-E3095BD950D8}.Release|Any CPU.Build.0 = Release|Any CPU
		{4BEE2925-2913-4214-8D81-BACCFAC5FD1F}.Debug|Any CPU.ActiveCfg = Debug|Any CPU
		{4BEE2925-2913-4214-8D81-BACCFAC5FD1F}.Debug|Any CPU.Build.0 = Debug|Any CPU
		{4BEE2925-2913-4214-8D81-BACCFAC5FD1F}.Release|Any CPU.ActiveCfg = Release|Any CPU
		{4BEE2925-2913-4214-8D81-BACCFAC5FD1F}.Release|Any CPU.Build.0 = Release|Any CPU
		{3134B5DC-F53E-4887-860A-C29EBEDB070E}.Debug|Any CPU.ActiveCfg = Debug|Any CPU
		{3134B5DC-F53E-4887-860A-C29EBEDB070E}.Debug|Any CPU.Build.0 = Debug|Any CPU
		{3134B5DC-F53E-4887-860A-C29EBEDB070E}.Release|Any CPU.ActiveCfg = Release|Any CPU
		{3134B5DC-F53E-4887-860A-C29EBEDB070E}.Release|Any CPU.Build.0 = Release|Any CPU
	EndGlobalSection
	GlobalSection(SolutionProperties) = preSolution
		HideSolutionNode = FALSE
	EndGlobalSection
	GlobalSection(ExtensibilityGlobals) = postSolution
		SolutionGuid = {4E6DF282-D8C6-44DC-91E1-3B729037D583}
	EndGlobalSection
EndGlobal
